
Microsoft Visual Studio Solution File, Format Version 12.00
# Visual Studio Version 17
VisualStudioVersion = 17.0.31919.166
MinimumVisualStudioVersion = 10.0.40219.1
Project("{FAE04EC0-301F-11D3-BF4B-00C04F79EFBC}") = "DaLeLe", "DaLeLe\DaLeLe.csproj", "{4A51507E-0AF7-434C-AA48-C32AF245E8CC}"
EndProject
Global
	GlobalSection(SolutionConfigurationPlatforms) = preSolution
		Debug|Any CPU = Debug|Any CPU
		Release|Any CPU = Release|Any CPU
	EndGlobalSection
	GlobalSection(ProjectConfigurationPlatforms) = postSolution
		{4A51507E-0AF7-434C-AA48-C32AF245E8CC}.Debug|Any CPU.ActiveCfg = Debug|Any CPU
		{4A51507E-0AF7-434C-AA48-C32AF245E8CC}.Debug|Any CPU.Build.0 = Debug|Any CPU
		{4A51507E-0AF7-434C-AA48-C32AF245E8CC}.Release|Any CPU.ActiveCfg = Release|Any CPU
		{4A51507E-0AF7-434C-AA48-C32AF245E8CC}.Release|Any CPU.Build.0 = Release|Any CPU
	EndGlobalSection
	GlobalSection(SolutionProperties) = preSolution
		HideSolutionNode = FALSE
	EndGlobalSection
	GlobalSection(ExtensibilityGlobals) = postSolution
		SolutionGuid = {875A06C9-77EB-47B5-ADF5-C806C1FD8A82}
	EndGlobalSection
EndGlobal
